
Microsoft Visual Studio Solution File, Format Version 12.00
# Visual Studio Version 17
VisualStudioVersion = 17.10.35027.167
MinimumVisualStudioVersion = 10.0.40219.1
Project("{FAE04EC0-301F-11D3-BF4B-00C04F79EFBC}") = "Bridge", "Bridge\Bridge.csproj", "{33F54AFB-4333-45B0-8848-B57C6E16B9A5}"
EndProject
Project("{FAE04EC0-301F-11D3-BF4B-00C04F79EFBC}") = "BridgeTest.cs", "BridgeTest\BridgeTest.cs.csproj", "{2AC6E675-73A2-440D-8845-CDE45E5AFCCD}"
EndProject
Project("{FAE04EC0-301F-11D3-BF4B-00C04F79EFBC}") = "StoreBaeltTicketLibrary", "StoreBaeltTicketLibrary\StoreBaeltTicketLibrary.csproj", "{B322DA25-AD59-4204-84AA-5AED115BAA22}"
EndProject
Project("{FAE04EC0-301F-11D3-BF4B-00C04F79EFBC}") = "StoreBaeltTicketTests", "StoreBaeltTicketTests\StoreBaeltTicketTests.csproj", "{39B85593-5B6A-4315-91F2-D2FF2C75D975}"
EndProject
Project("{FAE04EC0-301F-11D3-BF4B-00C04F79EFBC}") = "OresundbroenTicketLibrary", "OresundbroenTicketLibrary\OresundbroenTicketLibrary.csproj", "{6B4933BE-F60B-4316-A0EB-FA823FBB03DE}"
EndProject
Project("{FAE04EC0-301F-11D3-BF4B-00C04F79EFBC}") = "OresundTicketLibrary.Tests", "OresundTicketLibrary.Tests\OresundTicketLibrary.Tests.csproj", "{DFCCF8BC-447E-41AC-8973-50363DE00B52}"
EndProject
Global
	GlobalSection(SolutionConfigurationPlatforms) = preSolution
		Debug|Any CPU = Debug|Any CPU
		Release|Any CPU = Release|Any CPU
	EndGlobalSection
	GlobalSection(ProjectConfigurationPlatforms) = postSolution
		{33F54AFB-4333-45B0-8848-B57C6E16B9A5}.Debug|Any CPU.ActiveCfg = Debug|Any CPU
		{33F54AFB-4333-45B0-8848-B57C6E16B9A5}.Debug|Any CPU.Build.0 = Debug|Any CPU
		{33F54AFB-4333-45B0-8848-B57C6E16B9A5}.Release|Any CPU.ActiveCfg = Release|Any CPU
		{33F54AFB-4333-45B0-8848-B57C6E16B9A5}.Release|Any CPU.Build.0 = Release|Any CPU
		{2AC6E675-73A2-440D-8845-CDE45E5AFCCD}.Debug|Any CPU.ActiveCfg = Debug|Any CPU
		{2AC6E675-73A2-440D-8845-CDE45E5AFCCD}.Debug|Any CPU.Build.0 = Debug|Any CPU
		{2AC6E675-73A2-440D-8845-CDE45E5AFCCD}.Release|Any CPU.ActiveCfg = Release|Any CPU
		{2AC6E675-73A2-440D-8845-CDE45E5AFCCD}.Release|Any CPU.Build.0 = Release|Any CPU
		{B322DA25-AD59-4204-84AA-5AED115BAA22}.Debug|Any CPU.ActiveCfg = Debug|Any CPU
		{B322DA25-AD59-4204-84AA-5AED115BAA22}.Debug|Any CPU.Build.0 = Debug|Any CPU
		{B322DA25-AD59-4204-84AA-5AED115BAA22}.Release|Any CPU.ActiveCfg = Release|Any CPU
		{B322DA25-AD59-4204-84AA-5AED115BAA22}.Release|Any CPU.Build.0 = Release|Any CPU
		{39B85593-5B6A-4315-91F2-D2FF2C75D975}.Debug|Any CPU.ActiveCfg = Debug|Any CPU
		{39B85593-5B6A-4315-91F2-D2FF2C75D975}.Debug|Any CPU.Build.0 = Debug|Any CPU
		{39B85593-5B6A-4315-91F2-D2FF2C75D975}.Release|Any CPU.ActiveCfg = Release|Any CPU
		{39B85593-5B6A-4315-91F2-D2FF2C75D975}.Release|Any CPU.Build.0 = Release|Any CPU
		{6B4933BE-F60B-4316-A0EB-FA823FBB03DE}.Debug|Any CPU.ActiveCfg = Debug|Any CPU
		{6B4933BE-F60B-4316-A0EB-FA823FBB03DE}.Debug|Any CPU.Build.0 = Debug|Any CPU
		{6B4933BE-F60B-4316-A0EB-FA823FBB03DE}.Release|Any CPU.ActiveCfg = Release|Any CPU
		{6B4933BE-F60B-4316-A0EB-FA823FBB03DE}.Release|Any CPU.Build.0 = Release|Any CPU
		{DFCCF8BC-447E-41AC-8973-50363DE00B52}.Debug|Any CPU.ActiveCfg = Debug|Any CPU
		{DFCCF8BC-447E-41AC-8973-50363DE00B52}.Debug|Any CPU.Build.0 = Debug|Any CPU
		{DFCCF8BC-447E-41AC-8973-50363DE00B52}.Release|Any CPU.ActiveCfg = Release|Any CPU
		{DFCCF8BC-447E-41AC-8973-50363DE00B52}.Release|Any CPU.Build.0 = Release|Any CPU
	EndGlobalSection
	GlobalSection(SolutionProperties) = preSolution
		HideSolutionNode = FALSE
	EndGlobalSection
	GlobalSection(ExtensibilityGlobals) = postSolution
		SolutionGuid = {1368B254-044F-4C82-9BA8-D9FBDFE9886A}
	EndGlobalSection
EndGlobal
